
Microsoft Visual Studio Solution File, Format Version 12.00
# Visual Studio 2013
VisualStudioVersion = 12.0.21005.1
MinimumVisualStudioVersion = 10.0.40219.1
Project("{8BC9CEB8-8B4A-11D0-8D11-00A0C91BC942}") = "PlusOne", "PlusOne\PlusOne.vcxproj", "{CDCA9A8B-B1DF-488E-9184-F3A995415AED}"
EndProject
Project("{8BC9CEB8-8B4A-11D0-8D11-00A0C91BC942}") = "MimimumPathSum", "MimimumPathSum\MimimumPathSum.vcxproj", "{A272FD74-2628-4A8A-B634-A30591EF7359}"
EndProject
Project("{8BC9CEB8-8B4A-11D0-8D11-00A0C91BC942}") = "PalindromePartitioning", "PalindromePartitioning\PalindromePartitioning.vcxproj", "{CE02E32C-028F-4AE1-A57D-392396BE6F53}"
EndProject
Project("{8BC9CEB8-8B4A-11D0-8D11-00A0C91BC942}") = "MaximumDepthofBinaryTree", "MaximumDepthofBinaryTree\MaximumDepthofBinaryTree.vcxproj", "{F90DFEC2-53BC-4A8C-A4C8-8742A8211293}"
EndProject
Project("{8BC9CEB8-8B4A-11D0-8D11-00A0C91BC942}") = "LinkedListCycle", "LinkedListCycle\LinkedListCycle.vcxproj", "{2576BD4B-F1C7-4F80-B035-736908843D50}"
EndProject
Project("{8BC9CEB8-8B4A-11D0-8D11-00A0C91BC942}") = "AddBinary", "AddBinary\AddBinary.vcxproj", "{BB2CA517-2222-41BF-A450-E7C3FDB53BB8}"
EndProject
Project("{8BC9CEB8-8B4A-11D0-8D11-00A0C91BC942}") = "SearchA2DMatrix", "SearchA2DMatrix\SearchA2DMatrix.vcxproj", "{E797ED92-559A-48F5-A5DD-490773B7AC51}"
EndProject
Project("{8BC9CEB8-8B4A-11D0-8D11-00A0C91BC942}") = "Sqrt", "Sqrt\Sqrt.vcxproj", "{9D6AB107-E40B-41BE-A63B-AD872C34DCF5}"
EndProject
Project("{8BC9CEB8-8B4A-11D0-8D11-00A0C91BC942}") = "WordBreak", "WordBreak\WordBreak.vcxproj", "{F421FB66-D898-4311-B20F-6A6D6FB524BE}"
EndProject
Project("{8BC9CEB8-8B4A-11D0-8D11-00A0C91BC942}") = "DistinctSubsequences", "DistinctSubsequences\DistinctSubsequences.vcxproj", "{646EAFBA-0D02-43EC-A5C4-8E0FBB5FB3A0}"
EndProject
Project("{8BC9CEB8-8B4A-11D0-8D11-00A0C91BC942}") = "RecorderList", "RecordList\RecordList.vcxproj", "{328CEF46-FD77-466A-BF78-F568BD2B311C}"
EndProject
Project("{8BC9CEB8-8B4A-11D0-8D11-00A0C91BC942}") = "UniquePaths", "UniquePaths\UniquePaths.vcxproj", "{1DB8A348-3A00-4B05-825C-9B166627C825}"
EndProject
Project("{8BC9CEB8-8B4A-11D0-8D11-00A0C91BC942}") = "MergeTwoSortedList", "MergeTwoSortedList\MergeTwoSortedList.vcxproj", "{BD5DE457-8FC6-43EA-B4D5-722DB68892DA}"
EndProject
Project("{8BC9CEB8-8B4A-11D0-8D11-00A0C91BC942}") = "MinimumDepthofBinaryTree", "MinimumDepthofBinaryTree\MinimumDepthofBinaryTree.vcxproj", "{9872E2C9-0467-4E17-9D7E-9708C126E1B4}"
EndProject
Project("{8BC9CEB8-8B4A-11D0-8D11-00A0C91BC942}") = "SearchInRotatedSortedArray", "SearchInRotatedSortedArray\SearchInRotatedSortedArray.vcxproj", "{463F94BE-FB78-48B1-B1C0-33C670244D43}"
EndProject
Project("{8BC9CEB8-8B4A-11D0-8D11-00A0C91BC942}") = "MinStack", "MinStack\MinStack.vcxproj", "{001B788D-365A-468A-87E4-B147F8589E3C}"
EndProject
Project("{8BC9CEB8-8B4A-11D0-8D11-00A0C91BC942}") = "BinaryTreeLevelOrderTraversal", "BinaryTreeLevelOrderTraversal\BinaryTreeLevelOrderTraversal.vcxproj", "{E31C0BCD-A472-444A-9225-B40AA1BC027D}"
EndProject
Project("{8BC9CEB8-8B4A-11D0-8D11-00A0C91BC942}") = "LengthOfLastWord", "LengthOfLastWord\LengthOfLastWord.vcxproj", "{F9349556-7B4D-4223-B0A0-68C60B3654EE}"
EndProject
Project("{8BC9CEB8-8B4A-11D0-8D11-00A0C91BC942}") = "BinaryTreeLevelOrderTraversalTwo", "BinaryTreeLevelOrderTraversalTwo\BinaryTreeLevelOrderTraversalTwo.vcxproj", "{87D634A7-E9C7-4B80-B178-B403B4B72213}"
EndProject
Project("{8BC9CEB8-8B4A-11D0-8D11-00A0C91BC942}") = "ValidSudoku", "ValidSudoku\ValidSudoku.vcxproj", "{61EBF886-7A39-4FB2-885A-FF9EE8574793}"
EndProject
Project("{8BC9CEB8-8B4A-11D0-8D11-00A0C91BC942}") = "MergeSortedArray", "MergeSortedArray\MergeSortedArray.vcxproj", "{92269336-213C-4294-B1C4-132230A2CE61}"
EndProject
Project("{8BC9CEB8-8B4A-11D0-8D11-00A0C91BC942}") = "BalancedBinaryTree", "BalancedBinaryTree\BalancedBinaryTree.vcxproj", "{751B9910-1075-4994-A57B-5473313BB4F1}"
EndProject
Project("{8BC9CEB8-8B4A-11D0-8D11-00A0C91BC942}") = "RemoveNthNodeFromEndofList", "RemoveNthNodeFromEndofList\RemoveNthNodeFromEndofList.vcxproj", "{F5F8FCBF-E153-489D-BEF7-1FB8BCAC37DA}"
EndProject
Project("{8BC9CEB8-8B4A-11D0-8D11-00A0C91BC942}") = "RemoveDuplicatesFromSortedArray", "RemoveDuplicatesFromSortedArray\RemoveDuplicatesFromSortedArray.vcxproj", "{AF140DCA-12CA-4628-A779-68034FFC7567}"
EndProject
Project("{8BC9CEB8-8B4A-11D0-8D11-00A0C91BC942}") = "RomanToInteger", "RomanToInteger\RomanToInteger.vcxproj", "{F7424C3F-EED0-4AC9-BB4B-CAAC2A83BD03}"
EndProject
Project("{8BC9CEB8-8B4A-11D0-8D11-00A0C91BC942}") = "ValidateBinarySearchTree", "ValidateBinarySearchTree\ValidateBinarySearchTree.vcxproj", "{BA32A248-673C-442F-8585-67A4D53F4611}"
EndProject
Project("{8BC9CEB8-8B4A-11D0-8D11-00A0C91BC942}") = "BinaryTreePreorderTraversal", "BinaryTreePreorderTraversal\BinaryTreePreorderTraversal.vcxproj", "{9264D9EC-DBB3-4731-837D-6B9D79024DC5}"
EndProject
Project("{8BC9CEB8-8B4A-11D0-8D11-00A0C91BC942}") = "FlattenBinaryTreeToLinkedList", "FlattenBinaryTreeToLinkedList\FlattenBinaryTreeToLinkedList.vcxproj", "{F0E8F734-C708-4E48-ACDC-C89CFFF59B58}"
EndProject
Project("{8BC9CEB8-8B4A-11D0-8D11-00A0C91BC942}") = "ConvertSortedListToBinarySearchTree", "ConvertSortedListToBinarySearchTree\ConvertSortedListToBinarySearchTree.vcxproj", "{90EE75D4-1B72-4B53-B3DA-2F5ED2CF8DD6}"
EndProject
Project("{8BC9CEB8-8B4A-11D0-8D11-00A0C91BC942}") = "ConstructBinaryTreeFromInorderAndPostorderTraversal", "ConstructBinaryTreeFromInorderAndPostorderTraversal\ConstructBinaryTreeFromInorderAndPostorderTraversal.vcxproj", "{61101663-939B-4CE3-94BE-909644BBE6E6}"
EndProject
Project("{8BC9CEB8-8B4A-11D0-8D11-00A0C91BC942}") = "SymmetricTree", "SymmetricTree\SymmetricTree.vcxproj", "{5CA3ADC5-67BE-4672-90BA-26D007233949}"
EndProject
Project("{8BC9CEB8-8B4A-11D0-8D11-00A0C91BC942}") = "SameTree", "SameTree\SameTree.vcxproj", "{BBF4A2B2-E754-4F81-91D6-8498A55AF84F}"
EndProject
Project("{8BC9CEB8-8B4A-11D0-8D11-00A0C91BC942}") = "RemoveDuplicatesFromSortedList", "RemoveDuplicatesFromSortedList\RemoveDuplicatesFromSortedList.vcxproj", "{79EE067B-2AD1-4C40-ADF1-DD3A627A2374}"
EndProject
Project("{8BC9CEB8-8B4A-11D0-8D11-00A0C91BC942}") = "SingleNumber", "SingleNumber\SingleNumber.vcxproj", "{7538D36E-8B58-4CC3-A670-3152115B91E3}"
EndProject
Project("{8BC9CEB8-8B4A-11D0-8D11-00A0C91BC942}") = "SingleNumberTwo", "SingleNumberTwo\SingleNumberTwo.vcxproj", "{DE46B934-4E68-498A-99C2-328BC9FC21AF}"
EndProject
Project("{8BC9CEB8-8B4A-11D0-8D11-00A0C91BC942}") = "SwapNodesInPairs", "SwapNodesInPairs\SwapNodesInPairs.vcxproj", "{E84347E8-E21E-42AC-9385-55D0403C50A1}"
EndProject
Project("{8BC9CEB8-8B4A-11D0-8D11-00A0C91BC942}") = "ReverseInteger", "ReverseInteger\ReverseInteger.vcxproj", "{8784FB34-B8A1-4FC6-A620-54AC6B3F9FB7}"
EndProject
Project("{8BC9CEB8-8B4A-11D0-8D11-00A0C91BC942}") = "SimplifyPath", "SimplifyPath\SimplifyPath.vcxproj", "{2CFA2942-B4DE-4691-91C6-B2ACE2C86E40}"
EndProject
Project("{8BC9CEB8-8B4A-11D0-8D11-00A0C91BC942}") = "SumRootToLeafNumbers", "SumRootToLeafNumbers\SumRootToLeafNumbers.vcxproj", "{F4B420C1-AA6A-4DD6-B95E-33D408C1F830}"
EndProject
Project("{8BC9CEB8-8B4A-11D0-8D11-00A0C91BC942}") = "InsertionSortList", "InsertionSortList\InsertionSortList.vcxproj", "{6DD0A460-716D-4384-8A65-86D6938C1801}"
EndProject
Global
	GlobalSection(SolutionConfigurationPlatforms) = preSolution
		Debug|Win32 = Debug|Win32
		Release|Win32 = Release|Win32
	EndGlobalSection
	GlobalSection(ProjectConfigurationPlatforms) = postSolution
		{CDCA9A8B-B1DF-488E-9184-F3A995415AED}.Debug|Win32.ActiveCfg = Debug|Win32
		{CDCA9A8B-B1DF-488E-9184-F3A995415AED}.Debug|Win32.Build.0 = Debug|Win32
		{CDCA9A8B-B1DF-488E-9184-F3A995415AED}.Release|Win32.ActiveCfg = Release|Win32
		{CDCA9A8B-B1DF-488E-9184-F3A995415AED}.Release|Win32.Build.0 = Release|Win32
		{A272FD74-2628-4A8A-B634-A30591EF7359}.Debug|Win32.ActiveCfg = Debug|Win32
		{A272FD74-2628-4A8A-B634-A30591EF7359}.Debug|Win32.Build.0 = Debug|Win32
		{A272FD74-2628-4A8A-B634-A30591EF7359}.Release|Win32.ActiveCfg = Release|Win32
		{A272FD74-2628-4A8A-B634-A30591EF7359}.Release|Win32.Build.0 = Release|Win32
		{CE02E32C-028F-4AE1-A57D-392396BE6F53}.Debug|Win32.ActiveCfg = Debug|Win32
		{CE02E32C-028F-4AE1-A57D-392396BE6F53}.Debug|Win32.Build.0 = Debug|Win32
		{CE02E32C-028F-4AE1-A57D-392396BE6F53}.Release|Win32.ActiveCfg = Release|Win32
		{CE02E32C-028F-4AE1-A57D-392396BE6F53}.Release|Win32.Build.0 = Release|Win32
		{F90DFEC2-53BC-4A8C-A4C8-8742A8211293}.Debug|Win32.ActiveCfg = Debug|Win32
		{F90DFEC2-53BC-4A8C-A4C8-8742A8211293}.Debug|Win32.Build.0 = Debug|Win32
		{F90DFEC2-53BC-4A8C-A4C8-8742A8211293}.Release|Win32.ActiveCfg = Release|Win32
		{F90DFEC2-53BC-4A8C-A4C8-8742A8211293}.Release|Win32.Build.0 = Release|Win32
		{2576BD4B-F1C7-4F80-B035-736908843D50}.Debug|Win32.ActiveCfg = Debug|Win32
		{2576BD4B-F1C7-4F80-B035-736908843D50}.Debug|Win32.Build.0 = Debug|Win32
		{2576BD4B-F1C7-4F80-B035-736908843D50}.Release|Win32.ActiveCfg = Release|Win32
		{2576BD4B-F1C7-4F80-B035-736908843D50}.Release|Win32.Build.0 = Release|Win32
		{BB2CA517-2222-41BF-A450-E7C3FDB53BB8}.Debug|Win32.ActiveCfg = Debug|Win32
		{BB2CA517-2222-41BF-A450-E7C3FDB53BB8}.Debug|Win32.Build.0 = Debug|Win32
		{BB2CA517-2222-41BF-A450-E7C3FDB53BB8}.Release|Win32.ActiveCfg = Release|Win32
		{BB2CA517-2222-41BF-A450-E7C3FDB53BB8}.Release|Win32.Build.0 = Release|Win32
		{E797ED92-559A-48F5-A5DD-490773B7AC51}.Debug|Win32.ActiveCfg = Debug|Win32
		{E797ED92-559A-48F5-A5DD-490773B7AC51}.Debug|Win32.Build.0 = Debug|Win32
		{E797ED92-559A-48F5-A5DD-490773B7AC51}.Release|Win32.ActiveCfg = Release|Win32
		{E797ED92-559A-48F5-A5DD-490773B7AC51}.Release|Win32.Build.0 = Release|Win32
		{9D6AB107-E40B-41BE-A63B-AD872C34DCF5}.Debug|Win32.ActiveCfg = Debug|Win32
		{9D6AB107-E40B-41BE-A63B-AD872C34DCF5}.Debug|Win32.Build.0 = Debug|Win32
		{9D6AB107-E40B-41BE-A63B-AD872C34DCF5}.Release|Win32.ActiveCfg = Release|Win32
		{9D6AB107-E40B-41BE-A63B-AD872C34DCF5}.Release|Win32.Build.0 = Release|Win32
		{F421FB66-D898-4311-B20F-6A6D6FB524BE}.Debug|Win32.ActiveCfg = Debug|Win32
		{F421FB66-D898-4311-B20F-6A6D6FB524BE}.Debug|Win32.Build.0 = Debug|Win32
		{F421FB66-D898-4311-B20F-6A6D6FB524BE}.Release|Win32.ActiveCfg = Release|Win32
		{F421FB66-D898-4311-B20F-6A6D6FB524BE}.Release|Win32.Build.0 = Release|Win32
		{646EAFBA-0D02-43EC-A5C4-8E0FBB5FB3A0}.Debug|Win32.ActiveCfg = Debug|Win32
		{646EAFBA-0D02-43EC-A5C4-8E0FBB5FB3A0}.Debug|Win32.Build.0 = Debug|Win32
		{646EAFBA-0D02-43EC-A5C4-8E0FBB5FB3A0}.Release|Win32.ActiveCfg = Release|Win32
		{646EAFBA-0D02-43EC-A5C4-8E0FBB5FB3A0}.Release|Win32.Build.0 = Release|Win32
		{328CEF46-FD77-466A-BF78-F568BD2B311C}.Debug|Win32.ActiveCfg = Debug|Win32
		{328CEF46-FD77-466A-BF78-F568BD2B311C}.Debug|Win32.Build.0 = Debug|Win32
		{328CEF46-FD77-466A-BF78-F568BD2B311C}.Release|Win32.ActiveCfg = Release|Win32
		{328CEF46-FD77-466A-BF78-F568BD2B311C}.Release|Win32.Build.0 = Release|Win32
		{1DB8A348-3A00-4B05-825C-9B166627C825}.Debug|Win32.ActiveCfg = Debug|Win32
		{1DB8A348-3A00-4B05-825C-9B166627C825}.Debug|Win32.Build.0 = Debug|Win32
		{1DB8A348-3A00-4B05-825C-9B166627C825}.Release|Win32.ActiveCfg = Release|Win32
		{1DB8A348-3A00-4B05-825C-9B166627C825}.Release|Win32.Build.0 = Release|Win32
		{BD5DE457-8FC6-43EA-B4D5-722DB68892DA}.Debug|Win32.ActiveCfg = Debug|Win32
		{BD5DE457-8FC6-43EA-B4D5-722DB68892DA}.Debug|Win32.Build.0 = Debug|Win32
		{BD5DE457-8FC6-43EA-B4D5-722DB68892DA}.Release|Win32.ActiveCfg = Release|Win32
		{BD5DE457-8FC6-43EA-B4D5-722DB68892DA}.Release|Win32.Build.0 = Release|Win32
		{9872E2C9-0467-4E17-9D7E-9708C126E1B4}.Debug|Win32.ActiveCfg = Debug|Win32
		{9872E2C9-0467-4E17-9D7E-9708C126E1B4}.Debug|Win32.Build.0 = Debug|Win32
		{9872E2C9-0467-4E17-9D7E-9708C126E1B4}.Release|Win32.ActiveCfg = Release|Win32
		{9872E2C9-0467-4E17-9D7E-9708C126E1B4}.Release|Win32.Build.0 = Release|Win32
		{463F94BE-FB78-48B1-B1C0-33C670244D43}.Debug|Win32.ActiveCfg = Debug|Win32
		{463F94BE-FB78-48B1-B1C0-33C670244D43}.Debug|Win32.Build.0 = Debug|Win32
		{463F94BE-FB78-48B1-B1C0-33C670244D43}.Release|Win32.ActiveCfg = Release|Win32
		{463F94BE-FB78-48B1-B1C0-33C670244D43}.Release|Win32.Build.0 = Release|Win32
		{001B788D-365A-468A-87E4-B147F8589E3C}.Debug|Win32.ActiveCfg = Debug|Win32
		{001B788D-365A-468A-87E4-B147F8589E3C}.Debug|Win32.Build.0 = Debug|Win32
		{001B788D-365A-468A-87E4-B147F8589E3C}.Release|Win32.ActiveCfg = Release|Win32
		{001B788D-365A-468A-87E4-B147F8589E3C}.Release|Win32.Build.0 = Release|Win32
		{E31C0BCD-A472-444A-9225-B40AA1BC027D}.Debug|Win32.ActiveCfg = Debug|Win32
		{E31C0BCD-A472-444A-9225-B40AA1BC027D}.Debug|Win32.Build.0 = Debug|Win32
		{E31C0BCD-A472-444A-9225-B40AA1BC027D}.Release|Win32.ActiveCfg = Release|Win32
		{E31C0BCD-A472-444A-9225-B40AA1BC027D}.Release|Win32.Build.0 = Release|Win32
		{F9349556-7B4D-4223-B0A0-68C60B3654EE}.Debug|Win32.ActiveCfg = Debug|Win32
		{F9349556-7B4D-4223-B0A0-68C60B3654EE}.Debug|Win32.Build.0 = Debug|Win32
		{F9349556-7B4D-4223-B0A0-68C60B3654EE}.Release|Win32.ActiveCfg = Release|Win32
		{F9349556-7B4D-4223-B0A0-68C60B3654EE}.Release|Win32.Build.0 = Release|Win32
		{87D634A7-E9C7-4B80-B178-B403B4B72213}.Debug|Win32.ActiveCfg = Debug|Win32
		{87D634A7-E9C7-4B80-B178-B403B4B72213}.Debug|Win32.Build.0 = Debug|Win32
		{87D634A7-E9C7-4B80-B178-B403B4B72213}.Release|Win32.ActiveCfg = Release|Win32
		{87D634A7-E9C7-4B80-B178-B403B4B72213}.Release|Win32.Build.0 = Release|Win32
		{61EBF886-7A39-4FB2-885A-FF9EE8574793}.Debug|Win32.ActiveCfg = Debug|Win32
		{61EBF886-7A39-4FB2-885A-FF9EE8574793}.Debug|Win32.Build.0 = Debug|Win32
		{61EBF886-7A39-4FB2-885A-FF9EE8574793}.Release|Win32.ActiveCfg = Release|Win32
		{61EBF886-7A39-4FB2-885A-FF9EE8574793}.Release|Win32.Build.0 = Release|Win32
		{92269336-213C-4294-B1C4-132230A2CE61}.Debug|Win32.ActiveCfg = Debug|Win32
		{92269336-213C-4294-B1C4-132230A2CE61}.Debug|Win32.Build.0 = Debug|Win32
		{92269336-213C-4294-B1C4-132230A2CE61}.Release|Win32.ActiveCfg = Release|Win32
		{92269336-213C-4294-B1C4-132230A2CE61}.Release|Win32.Build.0 = Release|Win32
		{751B9910-1075-4994-A57B-5473313BB4F1}.Debug|Win32.ActiveCfg = Debug|Win32
		{751B9910-1075-4994-A57B-5473313BB4F1}.Debug|Win32.Build.0 = Debug|Win32
		{751B9910-1075-4994-A57B-5473313BB4F1}.Release|Win32.ActiveCfg = Release|Win32
		{751B9910-1075-4994-A57B-5473313BB4F1}.Release|Win32.Build.0 = Release|Win32
		{F5F8FCBF-E153-489D-BEF7-1FB8BCAC37DA}.Debug|Win32.ActiveCfg = Debug|Win32
		{F5F8FCBF-E153-489D-BEF7-1FB8BCAC37DA}.Debug|Win32.Build.0 = Debug|Win32
		{F5F8FCBF-E153-489D-BEF7-1FB8BCAC37DA}.Release|Win32.ActiveCfg = Release|Win32
		{F5F8FCBF-E153-489D-BEF7-1FB8BCAC37DA}.Release|Win32.Build.0 = Release|Win32
		{AF140DCA-12CA-4628-A779-68034FFC7567}.Debug|Win32.ActiveCfg = Debug|Win32
		{AF140DCA-12CA-4628-A779-68034FFC7567}.Debug|Win32.Build.0 = Debug|Win32
		{AF140DCA-12CA-4628-A779-68034FFC7567}.Release|Win32.ActiveCfg = Release|Win32
		{AF140DCA-12CA-4628-A779-68034FFC7567}.Release|Win32.Build.0 = Release|Win32
		{F7424C3F-EED0-4AC9-BB4B-CAAC2A83BD03}.Debug|Win32.ActiveCfg = Debug|Win32
		{F7424C3F-EED0-4AC9-BB4B-CAAC2A83BD03}.Debug|Win32.Build.0 = Debug|Win32
		{F7424C3F-EED0-4AC9-BB4B-CAAC2A83BD03}.Release|Win32.ActiveCfg = Release|Win32
		{F7424C3F-EED0-4AC9-BB4B-CAAC2A83BD03}.Release|Win32.Build.0 = Release|Win32
		{BA32A248-673C-442F-8585-67A4D53F4611}.Debug|Win32.ActiveCfg = Debug|Win32
		{BA32A248-673C-442F-8585-67A4D53F4611}.Debug|Win32.Build.0 = Debug|Win32
		{BA32A248-673C-442F-8585-67A4D53F4611}.Release|Win32.ActiveCfg = Release|Win32
		{BA32A248-673C-442F-8585-67A4D53F4611}.Release|Win32.Build.0 = Release|Win32
		{9264D9EC-DBB3-4731-837D-6B9D79024DC5}.Debug|Win32.ActiveCfg = Debug|Win32
		{9264D9EC-DBB3-4731-837D-6B9D79024DC5}.Debug|Win32.Build.0 = Debug|Win32
		{9264D9EC-DBB3-4731-837D-6B9D79024DC5}.Release|Win32.ActiveCfg = Release|Win32
		{9264D9EC-DBB3-4731-837D-6B9D79024DC5}.Release|Win32.Build.0 = Release|Win32
		{F0E8F734-C708-4E48-ACDC-C89CFFF59B58}.Debug|Win32.ActiveCfg = Debug|Win32
		{F0E8F734-C708-4E48-ACDC-C89CFFF59B58}.Debug|Win32.Build.0 = Debug|Win32
		{F0E8F734-C708-4E48-ACDC-C89CFFF59B58}.Release|Win32.ActiveCfg = Release|Win32
		{F0E8F734-C708-4E48-ACDC-C89CFFF59B58}.Release|Win32.Build.0 = Release|Win32
		{90EE75D4-1B72-4B53-B3DA-2F5ED2CF8DD6}.Debug|Win32.ActiveCfg = Debug|Win32
		{90EE75D4-1B72-4B53-B3DA-2F5ED2CF8DD6}.Debug|Win32.Build.0 = Debug|Win32
		{90EE75D4-1B72-4B53-B3DA-2F5ED2CF8DD6}.Release|Win32.ActiveCfg = Release|Win32
		{90EE75D4-1B72-4B53-B3DA-2F5ED2CF8DD6}.Release|Win32.Build.0 = Release|Win32
		{61101663-939B-4CE3-94BE-909644BBE6E6}.Debug|Win32.ActiveCfg = Debug|Win32
		{61101663-939B-4CE3-94BE-909644BBE6E6}.Debug|Win32.Build.0 = Debug|Win32
		{61101663-939B-4CE3-94BE-909644BBE6E6}.Release|Win32.ActiveCfg = Release|Win32
		{61101663-939B-4CE3-94BE-909644BBE6E6}.Release|Win32.Build.0 = Release|Win32
		{5CA3ADC5-67BE-4672-90BA-26D007233949}.Debug|Win32.ActiveCfg = Debug|Win32
		{5CA3ADC5-67BE-4672-90BA-26D007233949}.Debug|Win32.Build.0 = Debug|Win32
		{5CA3ADC5-67BE-4672-90BA-26D007233949}.Release|Win32.ActiveCfg = Release|Win32
		{5CA3ADC5-67BE-4672-90BA-26D007233949}.Release|Win32.Build.0 = Release|Win32
		{BBF4A2B2-E754-4F81-91D6-8498A55AF84F}.Debug|Win32.ActiveCfg = Debug|Win32
		{BBF4A2B2-E754-4F81-91D6-8498A55AF84F}.Debug|Win32.Build.0 = Debug|Win32
		{BBF4A2B2-E754-4F81-91D6-8498A55AF84F}.Release|Win32.ActiveCfg = Release|Win32
		{BBF4A2B2-E754-4F81-91D6-8498A55AF84F}.Release|Win32.Build.0 = Release|Win32
		{79EE067B-2AD1-4C40-ADF1-DD3A627A2374}.Debug|Win32.ActiveCfg = Debug|Win32
		{79EE067B-2AD1-4C40-ADF1-DD3A627A2374}.Debug|Win32.Build.0 = Debug|Win32
		{79EE067B-2AD1-4C40-ADF1-DD3A627A2374}.Release|Win32.ActiveCfg = Release|Win32
		{79EE067B-2AD1-4C40-ADF1-DD3A627A2374}.Release|Win32.Build.0 = Release|Win32
		{7538D36E-8B58-4CC3-A670-3152115B91E3}.Debug|Win32.ActiveCfg = Debug|Win32
		{7538D36E-8B58-4CC3-A670-3152115B91E3}.Debug|Win32.Build.0 = Debug|Win32
		{7538D36E-8B58-4CC3-A670-3152115B91E3}.Release|Win32.ActiveCfg = Release|Win32
		{7538D36E-8B58-4CC3-A670-3152115B91E3}.Release|Win32.Build.0 = Release|Win32
		{DE46B934-4E68-498A-99C2-328BC9FC21AF}.Debug|Win32.ActiveCfg = Debug|Win32
		{DE46B934-4E68-498A-99C2-328BC9FC21AF}.Debug|Win32.Build.0 = Debug|Win32
		{DE46B934-4E68-498A-99C2-328BC9FC21AF}.Release|Win32.ActiveCfg = Release|Win32
		{DE46B934-4E68-498A-99C2-328BC9FC21AF}.Release|Win32.Build.0 = Release|Win32
		{E84347E8-E21E-42AC-9385-55D0403C50A1}.Debug|Win32.ActiveCfg = Debug|Win32
		{E84347E8-E21E-42AC-9385-55D0403C50A1}.Debug|Win32.Build.0 = Debug|Win32
		{E84347E8-E21E-42AC-9385-55D0403C50A1}.Release|Win32.ActiveCfg = Release|Win32
		{E84347E8-E21E-42AC-9385-55D0403C50A1}.Release|Win32.Build.0 = Release|Win32
		{8784FB34-B8A1-4FC6-A620-54AC6B3F9FB7}.Debug|Win32.ActiveCfg = Debug|Win32
		{8784FB34-B8A1-4FC6-A620-54AC6B3F9FB7}.Debug|Win32.Build.0 = Debug|Win32
		{8784FB34-B8A1-4FC6-A620-54AC6B3F9FB7}.Release|Win32.ActiveCfg = Release|Win32
		{8784FB34-B8A1-4FC6-A620-54AC6B3F9FB7}.Release|Win32.Build.0 = Release|Win32
		{2CFA2942-B4DE-4691-91C6-B2ACE2C86E40}.Debug|Win32.ActiveCfg = Debug|Win32
		{2CFA2942-B4DE-4691-91C6-B2ACE2C86E40}.Debug|Win32.Build.0 = Debug|Win32
		{2CFA2942-B4DE-4691-91C6-B2ACE2C86E40}.Release|Win32.ActiveCfg = Release|Win32
		{2CFA2942-B4DE-4691-91C6-B2ACE2C86E40}.Release|Win32.Build.0 = Release|Win32
		{F4B420C1-AA6A-4DD6-B95E-33D408C1F830}.Debug|Win32.ActiveCfg = Debug|Win32
		{F4B420C1-AA6A-4DD6-B95E-33D408C1F830}.Debug|Win32.Build.0 = Debug|Win32
		{F4B420C1-AA6A-4DD6-B95E-33D408C1F830}.Release|Win32.ActiveCfg = Release|Win32
		{F4B420C1-AA6A-4DD6-B95E-33D408C1F830}.Release|Win32.Build.0 = Release|Win32
		{6DD0A460-716D-4384-8A65-86D6938C1801}.Debug|Win32.ActiveCfg = Debug|Win32
		{6DD0A460-716D-4384-8A65-86D6938C1801}.Debug|Win32.Build.0 = Debug|Win32
		{6DD0A460-716D-4384-8A65-86D6938C1801}.Release|Win32.ActiveCfg = Release|Win32
		{6DD0A460-716D-4384-8A65-86D6938C1801}.Release|Win32.Build.0 = Release|Win32
	EndGlobalSection
	GlobalSection(SolutionProperties) = preSolution
		HideSolutionNode = FALSE
	EndGlobalSection
EndGlobal
